
Microsoft Visual Studio Solution File, Format Version 12.00
# Visual Studio Version 16
VisualStudioVersion = 16.0.33801.447
MinimumVisualStudioVersion = 10.0.40219.1
Project("{FAE04EC0-301F-11D3-BF4B-00C04F79EFBC}") = "CourseBasic", "CourseBasic\CourseBasic.csproj", "{0A6D6C2A-B792-4245-9528-62CF4FEE11C7}"
EndProject
Global
	GlobalSection(SolutionConfigurationPlatforms) = preSolution
		Debug|Any CPU = Debug|Any CPU
		Release|Any CPU = Release|Any CPU
	EndGlobalSection
	GlobalSection(ProjectConfigurationPlatforms) = postSolution
		{0A6D6C2A-B792-4245-9528-62CF4FEE11C7}.Debug|Any CPU.ActiveCfg = Debug|Any CPU
		{0A6D6C2A-B792-4245-9528-62CF4FEE11C7}.Debug|Any CPU.Build.0 = Debug|Any CPU
		{0A6D6C2A-B792-4245-9528-62CF4FEE11C7}.Release|Any CPU.ActiveCfg = Release|Any CPU
		{0A6D6C2A-B792-4245-9528-62CF4FEE11C7}.Release|Any CPU.Build.0 = Release|Any CPU
	EndGlobalSection
	GlobalSection(SolutionProperties) = preSolution
		HideSolutionNode = FALSE
	EndGlobalSection
	GlobalSection(ExtensibilityGlobals) = postSolution
		SolutionGuid = {5A26FFC6-F02D-4398-BC94-DEAD1D2679B5}
	EndGlobalSection
EndGlobal
